
Microsoft Visual Studio Solution File, Format Version 12.00
# Visual Studio Version 17
VisualStudioVersion = 17.6.33829.357
MinimumVisualStudioVersion = 10.0.40219.1
Project("{FAE04EC0-301F-11D3-BF4B-00C04F79EFBC}") = "FluxorWithBlazorWasm", "FluxorWithBlazorWasm\FluxorWithBlazorWasm.csproj", "{CD7C22BD-D5D3-4CC5-A0B5-21CB823D64AB}"
EndProject
Global
	GlobalSection(SolutionConfigurationPlatforms) = preSolution
		Debug|Any CPU = Debug|Any CPU
		Release|Any CPU = Release|Any CPU
	EndGlobalSection
	GlobalSection(ProjectConfigurationPlatforms) = postSolution
		{CD7C22BD-D5D3-4CC5-A0B5-21CB823D64AB}.Debug|Any CPU.ActiveCfg = Debug|Any CPU
		{CD7C22BD-D5D3-4CC5-A0B5-21CB823D64AB}.Debug|Any CPU.Build.0 = Debug|Any CPU
		{CD7C22BD-D5D3-4CC5-A0B5-21CB823D64AB}.Release|Any CPU.ActiveCfg = Release|Any CPU
		{CD7C22BD-D5D3-4CC5-A0B5-21CB823D64AB}.Release|Any CPU.Build.0 = Release|Any CPU
	EndGlobalSection
	GlobalSection(SolutionProperties) = preSolution
		HideSolutionNode = FALSE
	EndGlobalSection
	GlobalSection(ExtensibilityGlobals) = postSolution
		SolutionGuid = {9D20AAED-0A3E-430D-B70C-7460B7435CAE}
	EndGlobalSection
EndGlobal
